
Microsoft Visual Studio Solution File, Format Version 12.00
# Visual Studio 2015
Project("{FAE04EC0-301F-11D3-BF4B-00C04F79EFBC}") = "CPI-211 Final Project.Plugins", "CPI-211 Final Project.Plugins.csproj", "{6ED894BE-1403-C2CE-9106-5BDF7EFF639D}"
EndProject
Project("{FAE04EC0-301F-11D3-BF4B-00C04F79EFBC}") = "CPI-211 Final Project", "CPI-211 Final Project.csproj", "{CA2586D7-6ABF-DE07-A664-3347D9AB27C9}"
EndProject
Project("{FAE04EC0-301F-11D3-BF4B-00C04F79EFBC}") = "CPI-211 Final Project.Editor.Plugins", "CPI-211 Final Project.Editor.Plugins.csproj", "{72ADDCDF-3DBD-47D8-A934-B8E10E821829}"
EndProject
Global
	GlobalSection(SolutionConfigurationPlatforms) = preSolution
		Debug|Any CPU = Debug|Any CPU
		Release|Any CPU = Release|Any CPU
	EndGlobalSection
	GlobalSection(ProjectConfigurationPlatforms) = postSolution
		{6ED894BE-1403-C2CE-9106-5BDF7EFF639D}.Debug|Any CPU.ActiveCfg = Debug|Any CPU
		{6ED894BE-1403-C2CE-9106-5BDF7EFF639D}.Debug|Any CPU.Build.0 = Debug|Any CPU
		{6ED894BE-1403-C2CE-9106-5BDF7EFF639D}.Release|Any CPU.ActiveCfg = Release|Any CPU
		{6ED894BE-1403-C2CE-9106-5BDF7EFF639D}.Release|Any CPU.Build.0 = Release|Any CPU
		{CA2586D7-6ABF-DE07-A664-3347D9AB27C9}.Debug|Any CPU.ActiveCfg = Debug|Any CPU
		{CA2586D7-6ABF-DE07-A664-3347D9AB27C9}.Debug|Any CPU.Build.0 = Debug|Any CPU
		{CA2586D7-6ABF-DE07-A664-3347D9AB27C9}.Release|Any CPU.ActiveCfg = Release|Any CPU
		{CA2586D7-6ABF-DE07-A664-3347D9AB27C9}.Release|Any CPU.Build.0 = Release|Any CPU
		{72ADDCDF-3DBD-47D8-A934-B8E10E821829}.Debug|Any CPU.ActiveCfg = Debug|Any CPU
		{72ADDCDF-3DBD-47D8-A934-B8E10E821829}.Debug|Any CPU.Build.0 = Debug|Any CPU
		{72ADDCDF-3DBD-47D8-A934-B8E10E821829}.Release|Any CPU.ActiveCfg = Release|Any CPU
		{72ADDCDF-3DBD-47D8-A934-B8E10E821829}.Release|Any CPU.Build.0 = Release|Any CPU
	EndGlobalSection
	GlobalSection(SolutionProperties) = preSolution
		HideSolutionNode = FALSE
	EndGlobalSection
EndGlobal
